
Microsoft Visual Studio Solution File, Format Version 12.00
# Visual Studio Version 17
VisualStudioVersion = 17.7.34031.279
MinimumVisualStudioVersion = 10.0.40219.1
Project("{2150E333-8FDC-42A3-9474-1A3956D46DE8}") = "0 - API", "0 - API", "{0ACFFD44-76F6-41F0-9950-4FAB0BB01A93}"
EndProject
Project("{2150E333-8FDC-42A3-9474-1A3956D46DE8}") = "2 - Domain", "2 - Domain", "{9F5A388C-B3DC-4B13-9931-E8F45E9A1C33}"
EndProject
Project("{2150E333-8FDC-42A3-9474-1A3956D46DE8}") = "4 - Infra", "4 - Infra", "{AB6F6CA9-CB83-411F-8AE3-41255872DB1D}"
EndProject
Project("{2150E333-8FDC-42A3-9474-1A3956D46DE8}") = "3 - Entities", "3 - Entities", "{F9E912C4-0635-4CE3-AC3C-D43B3D1AE7AB}"
EndProject
Project("{2150E333-8FDC-42A3-9474-1A3956D46DE8}") = "5 - Test", "5 - Test", "{611E8D5C-D3F2-4D04-B082-E3B0BF5DC4ED}"
EndProject
Project("{9A19103F-16F7-4668-BE54-9A1E7A4F7556}") = "ChefDigital.Domain", "ChefDigital.Domain\ChefDigital.Domain.csproj", "{6032DFF3-7173-444B-AEB1-50DC3E34E448}"
EndProject
Project("{9A19103F-16F7-4668-BE54-9A1E7A4F7556}") = "ChefDigital.Domain.Service", "ChefDigital.Domain.Service\ChefDigital.Domain.Service.csproj", "{87C2C57E-50BF-4ECA-B7D2-2886F232F977}"
EndProject
Project("{9A19103F-16F7-4668-BE54-9A1E7A4F7556}") = "ChefDigital.Entities", "ChefDigital.Entities\ChefDigital.Entities.csproj", "{90CFD962-F986-41A9-AC8F-CCCD6A31B0E7}"
EndProject
Project("{9A19103F-16F7-4668-BE54-9A1E7A4F7556}") = "ChefDigital.Infra", "ChefDigital.Infra\ChefDigital.Infra.csproj", "{09384209-78A0-4337-8D0A-1DAE4C81C0E2}"
EndProject
Project("{9A19103F-16F7-4668-BE54-9A1E7A4F7556}") = "ChefDigital.Teste.DomainServiceTest", "ChefDigital.Teste.DomainServiceTest\ChefDigital.Teste.DomainServiceTest.csproj", "{3E9A2A72-5278-4BC3-9B9D-273EE23C08E0}"
EndProject
Project("{9A19103F-16F7-4668-BE54-9A1E7A4F7556}") = "ChefDigital.API", "API\ChefDigital.API.csproj", "{BBE32BFB-9645-4C44-9CE6-84D9560F9CBE}"
EndProject
Project("{2150E333-8FDC-42A3-9474-1A3956D46DE8}") = "1 - Application", "1 - Application", "{C071C741-95CC-498C-9F97-6C52082A6818}"
EndProject
Project("{9A19103F-16F7-4668-BE54-9A1E7A4F7556}") = "ChefDigitalAPI.Application", "ChefDigitalAPI.Application\ChefDigitalAPI.Application.csproj", "{9BB48679-EEA3-45F7-8D30-63CBEBDEA628}"
EndProject
Global
	GlobalSection(SolutionConfigurationPlatforms) = preSolution
		Debug|Any CPU = Debug|Any CPU
		Release|Any CPU = Release|Any CPU
	EndGlobalSection
	GlobalSection(ProjectConfigurationPlatforms) = postSolution
		{6032DFF3-7173-444B-AEB1-50DC3E34E448}.Debug|Any CPU.ActiveCfg = Debug|Any CPU
		{6032DFF3-7173-444B-AEB1-50DC3E34E448}.Debug|Any CPU.Build.0 = Debug|Any CPU
		{6032DFF3-7173-444B-AEB1-50DC3E34E448}.Release|Any CPU.ActiveCfg = Release|Any CPU
		{6032DFF3-7173-444B-AEB1-50DC3E34E448}.Release|Any CPU.Build.0 = Release|Any CPU
		{87C2C57E-50BF-4ECA-B7D2-2886F232F977}.Debug|Any CPU.ActiveCfg = Debug|Any CPU
		{87C2C57E-50BF-4ECA-B7D2-2886F232F977}.Debug|Any CPU.Build.0 = Debug|Any CPU
		{87C2C57E-50BF-4ECA-B7D2-2886F232F977}.Release|Any CPU.ActiveCfg = Release|Any CPU
		{87C2C57E-50BF-4ECA-B7D2-2886F232F977}.Release|Any CPU.Build.0 = Release|Any CPU
		{90CFD962-F986-41A9-AC8F-CCCD6A31B0E7}.Debug|Any CPU.ActiveCfg = Debug|Any CPU
		{90CFD962-F986-41A9-AC8F-CCCD6A31B0E7}.Debug|Any CPU.Build.0 = Debug|Any CPU
		{90CFD962-F986-41A9-AC8F-CCCD6A31B0E7}.Release|Any CPU.ActiveCfg = Release|Any CPU
		{90CFD962-F986-41A9-AC8F-CCCD6A31B0E7}.Release|Any CPU.Build.0 = Release|Any CPU
		{09384209-78A0-4337-8D0A-1DAE4C81C0E2}.Debug|Any CPU.ActiveCfg = Debug|Any CPU
		{09384209-78A0-4337-8D0A-1DAE4C81C0E2}.Debug|Any CPU.Build.0 = Debug|Any CPU
		{09384209-78A0-4337-8D0A-1DAE4C81C0E2}.Release|Any CPU.ActiveCfg = Release|Any CPU
		{09384209-78A0-4337-8D0A-1DAE4C81C0E2}.Release|Any CPU.Build.0 = Release|Any CPU
		{3E9A2A72-5278-4BC3-9B9D-273EE23C08E0}.Debug|Any CPU.ActiveCfg = Debug|Any CPU
		{3E9A2A72-5278-4BC3-9B9D-273EE23C08E0}.Debug|Any CPU.Build.0 = Debug|Any CPU
		{3E9A2A72-5278-4BC3-9B9D-273EE23C08E0}.Release|Any CPU.ActiveCfg = Release|Any CPU
		{3E9A2A72-5278-4BC3-9B9D-273EE23C08E0}.Release|Any CPU.Build.0 = Release|Any CPU
		{BBE32BFB-9645-4C44-9CE6-84D9560F9CBE}.Debug|Any CPU.ActiveCfg = Debug|Any CPU
		{BBE32BFB-9645-4C44-9CE6-84D9560F9CBE}.Debug|Any CPU.Build.0 = Debug|Any CPU
		{BBE32BFB-9645-4C44-9CE6-84D9560F9CBE}.Release|Any CPU.ActiveCfg = Release|Any CPU
		{BBE32BFB-9645-4C44-9CE6-84D9560F9CBE}.Release|Any CPU.Build.0 = Release|Any CPU
		{9BB48679-EEA3-45F7-8D30-63CBEBDEA628}.Debug|Any CPU.ActiveCfg = Debug|Any CPU
		{9BB48679-EEA3-45F7-8D30-63CBEBDEA628}.Debug|Any CPU.Build.0 = Debug|Any CPU
		{9BB48679-EEA3-45F7-8D30-63CBEBDEA628}.Release|Any CPU.ActiveCfg = Release|Any CPU
		{9BB48679-EEA3-45F7-8D30-63CBEBDEA628}.Release|Any CPU.Build.0 = Release|Any CPU
	EndGlobalSection
	GlobalSection(SolutionProperties) = preSolution
		HideSolutionNode = FALSE
	EndGlobalSection
	GlobalSection(NestedProjects) = preSolution
		{6032DFF3-7173-444B-AEB1-50DC3E34E448} = {9F5A388C-B3DC-4B13-9931-E8F45E9A1C33}
		{87C2C57E-50BF-4ECA-B7D2-2886F232F977} = {9F5A388C-B3DC-4B13-9931-E8F45E9A1C33}
		{90CFD962-F986-41A9-AC8F-CCCD6A31B0E7} = {F9E912C4-0635-4CE3-AC3C-D43B3D1AE7AB}
		{09384209-78A0-4337-8D0A-1DAE4C81C0E2} = {AB6F6CA9-CB83-411F-8AE3-41255872DB1D}
		{3E9A2A72-5278-4BC3-9B9D-273EE23C08E0} = {611E8D5C-D3F2-4D04-B082-E3B0BF5DC4ED}
		{BBE32BFB-9645-4C44-9CE6-84D9560F9CBE} = {0ACFFD44-76F6-41F0-9950-4FAB0BB01A93}
		{9BB48679-EEA3-45F7-8D30-63CBEBDEA628} = {C071C741-95CC-498C-9F97-6C52082A6818}
	EndGlobalSection
	GlobalSection(ExtensibilityGlobals) = postSolution
		SolutionGuid = {07B7BCC8-DC79-4001-9FC8-ECA5C72834D1}
	EndGlobalSection
EndGlobal
